// !$*UTF8*$!
{
	archiveVersion = 1;
	classes = {
	};
	objectVersion = 50;
	objects = {

/* Begin PBXBuildFile section */
		D98ED21F25FE42390040419D /* AzkarWatch WatchKit App.app in Embed Watch Content */ = {isa = PBXBuildFile; fileRef = D98ED21E25FE42390040419D /* AzkarWatch WatchKit App.app */; settings = {ATTRIBUTES = (RemoveHeadersOnCopy, ); }; };
		D98ED22425FE423E0040419D /* Assets.xcassets in Resources */ = {isa = PBXBuildFile; fileRef = D98ED22325FE423E0040419D /* Assets.xcassets */; };
		D98ED22B25FE423E0040419D /* AzkarWatch WatchKit Extension.appex in Embed App Extensions */ = {isa = PBXBuildFile; fileRef = D98ED22A25FE423E0040419D /* AzkarWatch WatchKit Extension.appex */; settings = {ATTRIBUTES = (RemoveHeadersOnCopy, ); }; };
		D98ED23225FE423E0040419D /* AzkarWatchApp.swift in Sources */ = {isa = PBXBuildFile; fileRef = D98ED23125FE423E0040419D /* AzkarWatchApp.swift */; };
		D98ED23425FE423E0040419D /* ComplicationController.swift in Sources */ = {isa = PBXBuildFile; fileRef = D98ED23325FE423E0040419D /* ComplicationController.swift */; };
		D98ED23625FE42420040419D /* Assets.xcassets in Resources */ = {isa = PBXBuildFile; fileRef = D98ED23525FE42420040419D /* Assets.xcassets */; };
		D98ED23925FE42420040419D /* Preview Assets.xcassets in Resources */ = {isa = PBXBuildFile; fileRef = D98ED23825FE42420040419D /* Preview Assets.xcassets */; };
		D98ED27625FE42B50040419D /* NavigationHeader.swift in Sources */ = {isa = PBXBuildFile; fileRef = D98ED24F25FE42B40040419D /* NavigationHeader.swift */; };
		D98ED27725FE42B50040419D /* BackButton.swift in Sources */ = {isa = PBXBuildFile; fileRef = D98ED25025FE42B40040419D /* BackButton.swift */; };
		D98ED27825FE42B50040419D /* FavoritesStore.swift in Sources */ = {isa = PBXBuildFile; fileRef = D98ED25225FE42B40040419D /* FavoritesStore.swift */; };
		D98ED27A25FE42B50040419D /* Loader.swift in Sources */ = {isa = PBXBuildFile; fileRef = D98ED25425FE42B40040419D /* Loader.swift */; };
		D98ED27B25FE42B50040419D /* Store.swift in Sources */ = {isa = PBXBuildFile; fileRef = D98ED25525FE42B40040419D /* Store.swift */; };
		D98ED27C25FE42B50040419D /* PersistenceController.swift in Sources */ = {isa = PBXBuildFile; fileRef = D98ED25625FE42B40040419D /* PersistenceController.swift */; };
		D98ED27E25FE42B50040419D /* Zikr.swift in Sources */ = {isa = PBXBuildFile; fileRef = D98ED25925FE42B40040419D /* Zikr.swift */; };
		D98ED28025FE42B50040419D /* Section.swift in Sources */ = {isa = PBXBuildFile; fileRef = D98ED25B25FE42B40040419D /* Section.swift */; };
		D98ED28125FE42B50040419D /* SubSection.swift in Sources */ = {isa = PBXBuildFile; fileRef = D98ED25C25FE42B40040419D /* SubSection.swift */; };
		D98ED28225FE42B50040419D /* Int.swift in Sources */ = {isa = PBXBuildFile; fileRef = D98ED25E25FE42B50040419D /* Int.swift */; };
		D98ED28325FE42B50040419D /* Color.swift in Sources */ = {isa = PBXBuildFile; fileRef = D98ED25F25FE42B50040419D /* Color.swift */; };
		D98ED28425FE42B50040419D /* FavoritesModel.xcdatamodeld in Sources */ = {isa = PBXBuildFile; fileRef = D98ED26125FE42B50040419D /* FavoritesModel.xcdatamodeld */; };
		D98ED28525FE42B50040419D /* 6.json in Resources */ = {isa = PBXBuildFile; fileRef = D98ED26425FE42B50040419D /* 6.json */; };
		D98ED28625FE42B50040419D /* 7.json in Resources */ = {isa = PBXBuildFile; fileRef = D98ED26525FE42B50040419D /* 7.json */; };
		D98ED28725FE42B50040419D /* 0.json in Resources */ = {isa = PBXBuildFile; fileRef = D98ED26625FE42B50040419D /* 0.json */; };
		D98ED28825FE42B50040419D /* 1.json in Resources */ = {isa = PBXBuildFile; fileRef = D98ED26725FE42B50040419D /* 1.json */; };
		D98ED28925FE42B50040419D /* 2.json in Resources */ = {isa = PBXBuildFile; fileRef = D98ED26825FE42B50040419D /* 2.json */; };
		D98ED28A25FE42B50040419D /* 3.json in Resources */ = {isa = PBXBuildFile; fileRef = D98ED26925FE42B50040419D /* 3.json */; };
		D98ED28B25FE42B50040419D /* 8.json in Resources */ = {isa = PBXBuildFile; fileRef = D98ED26A25FE42B50040419D /* 8.json */; };
		D98ED28C25FE42B50040419D /* 4.json in Resources */ = {isa = PBXBuildFile; fileRef = D98ED26B25FE42B50040419D /* 4.json */; };
		D98ED28D25FE42B50040419D /* 5.json in Resources */ = {isa = PBXBuildFile; fileRef = D98ED26C25FE42B50040419D /* 5.json */; };
		D98ED28E25FE42B50040419D /* Sections.json in Resources */ = {isa = PBXBuildFile; fileRef = D98ED26D25FE42B50040419D /* Sections.json */; };
		D98ED28F25FE42B50040419D /* SubSections.json in Resources */ = {isa = PBXBuildFile; fileRef = D98ED26E25FE42B50040419D /* SubSections.json */; };
		D98ED29025FE42B50040419D /* SettingsView.swift in Sources */ = {isa = PBXBuildFile; fileRef = D98ED27025FE42B50040419D /* SettingsView.swift */; };
		D98ED29125FE42B50040419D /* FavoriteView.swift in Sources */ = {isa = PBXBuildFile; fileRef = D98ED27125FE42B50040419D /* FavoriteView.swift */; };
		D98ED29225FE42B50040419D /* AzkarContentView.swift in Sources */ = {isa = PBXBuildFile; fileRef = D98ED27225FE42B50040419D /* AzkarContentView.swift */; };
		D98ED29325FE42B50040419D /* AzkarSubSectionsView.swift in Sources */ = {isa = PBXBuildFile; fileRef = D98ED27325FE42B50040419D /* AzkarSubSectionsView.swift */; };
		D98ED29425FE42B50040419D /* DefaultView.swift in Sources */ = {isa = PBXBuildFile; fileRef = D98ED27425FE42B50040419D /* DefaultView.swift */; };
		D98ED29525FE42B50040419D /* AzkarSectionView.swift in Sources */ = {isa = PBXBuildFile; fileRef = D98ED27525FE42B50040419D /* AzkarSectionView.swift */; };
/* End PBXBuildFile section */

/* Begin PBXContainerItemProxy section */
		D98ED22025FE42390040419D /* PBXContainerItemProxy */ = {
			isa = PBXContainerItemProxy;
			containerPortal = D98ED21425FE42390040419D /* Project object */;
			proxyType = 1;
			remoteGlobalIDString = D98ED21D25FE42390040419D;
			remoteInfo = "AzkarWatch WatchKit App";
		};
		D98ED22C25FE423E0040419D /* PBXContainerItemProxy */ = {
			isa = PBXContainerItemProxy;
			containerPortal = D98ED21425FE42390040419D /* Project object */;
			proxyType = 1;
			remoteGlobalIDString = D98ED22925FE423E0040419D;
			remoteInfo = "AzkarWatch WatchKit Extension";
		};
/* End PBXContainerItemProxy section */

/* Begin PBXCopyFilesBuildPhase section */
		D98ED24025FE42420040419D /* Embed App Extensions */ = {
			isa = PBXCopyFilesBuildPhase;
			buildActionMask = 2147483647;
			dstPath = "";
			dstSubfolderSpec = 13;
			files = (
				D98ED22B25FE423E0040419D /* AzkarWatch WatchKit Extension.appex in Embed App Extensions */,
			);
			name = "Embed App Extensions";
			runOnlyForDeploymentPostprocessing = 0;
		};
		D98ED24425FE42420040419D /* Embed Watch Content */ = {
			isa = PBXCopyFilesBuildPhase;
			buildActionMask = 2147483647;
			dstPath = "$(CONTENTS_FOLDER_PATH)/Watch";
			dstSubfolderSpec = 16;
			files = (
				D98ED21F25FE42390040419D /* AzkarWatch WatchKit App.app in Embed Watch Content */,
			);
			name = "Embed Watch Content";
			runOnlyForDeploymentPostprocessing = 0;
		};
/* End PBXCopyFilesBuildPhase section */

/* Begin PBXFileReference section */
		D98ED21A25FE42390040419D /* Azkar.app */ = {isa = PBXFileReference; explicitFileType = wrapper.application; includeInIndex = 0; path = Azkar.app; sourceTree = BUILT_PRODUCTS_DIR; };
		D98ED21E25FE42390040419D /* AzkarWatch WatchKit App.app */ = {isa = PBXFileReference; explicitFileType = wrapper.application; includeInIndex = 0; path = "AzkarWatch WatchKit App.app"; sourceTree = BUILT_PRODUCTS_DIR; };
		D98ED22325FE423E0040419D /* Assets.xcassets */ = {isa = PBXFileReference; lastKnownFileType = folder.assetcatalog; path = Assets.xcassets; sourceTree = "<group>"; };
		D98ED22525FE423E0040419D /* Info.plist */ = {isa = PBXFileReference; lastKnownFileType = text.plist.xml; path = Info.plist; sourceTree = "<group>"; };
		D98ED22A25FE423E0040419D /* AzkarWatch WatchKit Extension.appex */ = {isa = PBXFileReference; explicitFileType = "wrapper.app-extension"; includeInIndex = 0; path = "AzkarWatch WatchKit Extension.appex"; sourceTree = BUILT_PRODUCTS_DIR; };
		D98ED23125FE423E0040419D /* AzkarWatchApp.swift */ = {isa = PBXFileReference; lastKnownFileType = sourcecode.swift; name = AzkarWatchApp.swift; path = ../AzkarWatchApp.swift; sourceTree = "<group>"; };
		D98ED23325FE423E0040419D /* ComplicationController.swift */ = {isa = PBXFileReference; lastKnownFileType = sourcecode.swift; path = ComplicationController.swift; sourceTree = "<group>"; };
		D98ED23525FE42420040419D /* Assets.xcassets */ = {isa = PBXFileReference; lastKnownFileType = folder.assetcatalog; path = Assets.xcassets; sourceTree = "<group>"; };
		D98ED23825FE42420040419D /* Preview Assets.xcassets */ = {isa = PBXFileReference; lastKnownFileType = folder.assetcatalog; path = "Preview Assets.xcassets"; sourceTree = "<group>"; };
		D98ED23A25FE42420040419D /* Info.plist */ = {isa = PBXFileReference; lastKnownFileType = text.plist.xml; path = Info.plist; sourceTree = "<group>"; };
		D98ED24F25FE42B40040419D /* NavigationHeader.swift */ = {isa = PBXFileReference; fileEncoding = 4; lastKnownFileType = sourcecode.swift; path = NavigationHeader.swift; sourceTree = "<group>"; };
		D98ED25025FE42B40040419D /* BackButton.swift */ = {isa = PBXFileReference; fileEncoding = 4; lastKnownFileType = sourcecode.swift; path = BackButton.swift; sourceTree = "<group>"; };
		D98ED25225FE42B40040419D /* FavoritesStore.swift */ = {isa = PBXFileReference; fileEncoding = 4; lastKnownFileType = sourcecode.swift; path = FavoritesStore.swift; sourceTree = "<group>"; };
		D98ED25425FE42B40040419D /* Loader.swift */ = {isa = PBXFileReference; fileEncoding = 4; lastKnownFileType = sourcecode.swift; path = Loader.swift; sourceTree = "<group>"; };
		D98ED25525FE42B40040419D /* Store.swift */ = {isa = PBXFileReference; fileEncoding = 4; lastKnownFileType = sourcecode.swift; path = Store.swift; sourceTree = "<group>"; };
		D98ED25625FE42B40040419D /* PersistenceController.swift */ = {isa = PBXFileReference; fileEncoding = 4; lastKnownFileType = sourcecode.swift; path = PersistenceController.swift; sourceTree = "<group>"; };
		D98ED25925FE42B40040419D /* Zikr.swift */ = {isa = PBXFileReference; fileEncoding = 4; lastKnownFileType = sourcecode.swift; path = Zikr.swift; sourceTree = "<group>"; };
		D98ED25B25FE42B40040419D /* Section.swift */ = {isa = PBXFileReference; fileEncoding = 4; lastKnownFileType = sourcecode.swift; path = Section.swift; sourceTree = "<group>"; };
		D98ED25C25FE42B40040419D /* SubSection.swift */ = {isa = PBXFileReference; fileEncoding = 4; lastKnownFileType = sourcecode.swift; path = SubSection.swift; sourceTree = "<group>"; };
		D98ED25E25FE42B50040419D /* Int.swift */ = {isa = PBXFileReference; fileEncoding = 4; lastKnownFileType = sourcecode.swift; path = Int.swift; sourceTree = "<group>"; };
		D98ED25F25FE42B50040419D /* Color.swift */ = {isa = PBXFileReference; fileEncoding = 4; lastKnownFileType = sourcecode.swift; path = Color.swift; sourceTree = "<group>"; };
		D98ED26225FE42B50040419D /* FavoritesModel.xcdatamodel */ = {isa = PBXFileReference; lastKnownFileType = wrapper.xcdatamodel; path = FavoritesModel.xcdatamodel; sourceTree = "<group>"; };
		D98ED26425FE42B50040419D /* 6.json */ = {isa = PBXFileReference; fileEncoding = 4; lastKnownFileType = text.json; path = 6.json; sourceTree = "<group>"; };
		D98ED26525FE42B50040419D /* 7.json */ = {isa = PBXFileReference; fileEncoding = 4; lastKnownFileType = text.json; path = 7.json; sourceTree = "<group>"; };
		D98ED26625FE42B50040419D /* 0.json */ = {isa = PBXFileReference; fileEncoding = 4; lastKnownFileType = text.json; path = 0.json; sourceTree = "<group>"; };
		D98ED26725FE42B50040419D /* 1.json */ = {isa = PBXFileReference; fileEncoding = 4; lastKnownFileType = text.json; path = 1.json; sourceTree = "<group>"; };
		D98ED26825FE42B50040419D /* 2.json */ = {isa = PBXFileReference; fileEncoding = 4; lastKnownFileType = text.json; path = 2.json; sourceTree = "<group>"; };
		D98ED26925FE42B50040419D /* 3.json */ = {isa = PBXFileReference; fileEncoding = 4; lastKnownFileType = text.json; path = 3.json; sourceTree = "<group>"; };
		D98ED26A25FE42B50040419D /* 8.json */ = {isa = PBXFileReference; fileEncoding = 4; lastKnownFileType = text.json; path = 8.json; sourceTree = "<group>"; };
		D98ED26B25FE42B50040419D /* 4.json */ = {isa = PBXFileReference; fileEncoding = 4; lastKnownFileType = text.json; path = 4.json; sourceTree = "<group>"; };
		D98ED26C25FE42B50040419D /* 5.json */ = {isa = PBXFileReference; fileEncoding = 4; lastKnownFileType = text.json; path = 5.json; sourceTree = "<group>"; };
		D98ED26D25FE42B50040419D /* Sections.json */ = {isa = PBXFileReference; fileEncoding = 4; lastKnownFileType = text.json; path = Sections.json; sourceTree = "<group>"; };
		D98ED26E25FE42B50040419D /* SubSections.json */ = {isa = PBXFileReference; fileEncoding = 4; lastKnownFileType = text.json; path = SubSections.json; sourceTree = "<group>"; };
		D98ED27025FE42B50040419D /* SettingsView.swift */ = {isa = PBXFileReference; fileEncoding = 4; lastKnownFileType = sourcecode.swift; path = SettingsView.swift; sourceTree = "<group>"; };
		D98ED27125FE42B50040419D /* FavoriteView.swift */ = {isa = PBXFileReference; fileEncoding = 4; lastKnownFileType = sourcecode.swift; path = FavoriteView.swift; sourceTree = "<group>"; };
		D98ED27225FE42B50040419D /* AzkarContentView.swift */ = {isa = PBXFileReference; fileEncoding = 4; lastKnownFileType = sourcecode.swift; path = AzkarContentView.swift; sourceTree = "<group>"; };
		D98ED27325FE42B50040419D /* AzkarSubSectionsView.swift */ = {isa = PBXFileReference; fileEncoding = 4; lastKnownFileType = sourcecode.swift; path = AzkarSubSectionsView.swift; sourceTree = "<group>"; };
		D98ED27425FE42B50040419D /* DefaultView.swift */ = {isa = PBXFileReference; fileEncoding = 4; lastKnownFileType = sourcecode.swift; path = DefaultView.swift; sourceTree = "<group>"; };
		D98ED27525FE42B50040419D /* AzkarSectionView.swift */ = {isa = PBXFileReference; fileEncoding = 4; lastKnownFileType = sourcecode.swift; path = AzkarSectionView.swift; sourceTree = "<group>"; };
/* End PBXFileReference section */

/* Begin PBXFrameworksBuildPhase section */
		D98ED22725FE423E0040419D /* Frameworks */ = {
			isa = PBXFrameworksBuildPhase;
			buildActionMask = 2147483647;
			files = (
			);
			runOnlyForDeploymentPostprocessing = 0;
		};
/* End PBXFrameworksBuildPhase section */

/* Begin PBXGroup section */
		D98ED21325FE42390040419D = {
			isa = PBXGroup;
			children = (
				D98ED22225FE42390040419D /* AzkarWatch WatchKit App */,
				D98ED22E25FE423E0040419D /* AzkarWatch WatchKit Extension */,
				D98ED21B25FE42390040419D /* Products */,
			);
			sourceTree = "<group>";
		};
		D98ED21B25FE42390040419D /* Products */ = {
			isa = PBXGroup;
			children = (
				D98ED21A25FE42390040419D /* Azkar.app */,
				D98ED21E25FE42390040419D /* AzkarWatch WatchKit App.app */,
				D98ED22A25FE423E0040419D /* AzkarWatch WatchKit Extension.appex */,
			);
			name = Products;
			sourceTree = "<group>";
		};
		D98ED22225FE42390040419D /* AzkarWatch WatchKit App */ = {
			isa = PBXGroup;
			children = (
				D98ED22325FE423E0040419D /* Assets.xcassets */,
				D98ED22525FE423E0040419D /* Info.plist */,
			);
			path = "AzkarWatch WatchKit App";
			sourceTree = "<group>";
		};
		D98ED22E25FE423E0040419D /* AzkarWatch WatchKit Extension */ = {
			isa = PBXGroup;
			children = (
				D98ED25125FE42B40040419D /* Core */,
				D98ED24E25FE42B40040419D /* Custome Views */,
				D98ED26025FE42B50040419D /* Date */,
				D98ED25D25FE42B50040419D /* Extensions */,
				D98ED25725FE42B40040419D /* Models */,
				D98ED26F25FE42B50040419D /* Views */,
				D98ED23325FE423E0040419D /* ComplicationController.swift */,
				D98ED23525FE42420040419D /* Assets.xcassets */,
				D98ED23A25FE42420040419D /* Info.plist */,
				D98ED23725FE42420040419D /* Preview Content */,
			);
			path = "AzkarWatch WatchKit Extension";
			sourceTree = "<group>";
		};
		D98ED23725FE42420040419D /* Preview Content */ = {
			isa = PBXGroup;
			children = (
				D98ED23825FE42420040419D /* Preview Assets.xcassets */,
			);
			path = "Preview Content";
			sourceTree = "<group>";
		};
		D98ED24E25FE42B40040419D /* Custome Views */ = {
			isa = PBXGroup;
			children = (
				D98ED24F25FE42B40040419D /* NavigationHeader.swift */,
				D98ED25025FE42B40040419D /* BackButton.swift */,
			);
			path = "Custome Views";
			sourceTree = "<group>";
		};
		D98ED25125FE42B40040419D /* Core */ = {
			isa = PBXGroup;
			children = (
				D98ED23125FE423E0040419D /* AzkarWatchApp.swift */,
				D98ED25225FE42B40040419D /* FavoritesStore.swift */,
				D98ED25425FE42B40040419D /* Loader.swift */,
				D98ED25525FE42B40040419D /* Store.swift */,
				D98ED25625FE42B40040419D /* PersistenceController.swift */,
			);
			path = Core;
			sourceTree = "<group>";
		};
		D98ED25725FE42B40040419D /* Models */ = {
			isa = PBXGroup;
			children = (
				D98ED25925FE42B40040419D /* Zikr.swift */,
				D98ED25B25FE42B40040419D /* Section.swift */,
				D98ED25C25FE42B40040419D /* SubSection.swift */,
			);
			path = Models;
			sourceTree = "<group>";
		};
		D98ED25D25FE42B50040419D /* Extensions */ = {
			isa = PBXGroup;
			children = (
				D98ED25E25FE42B50040419D /* Int.swift */,
				D98ED25F25FE42B50040419D /* Color.swift */,
			);
			path = Extensions;
			sourceTree = "<group>";
		};
		D98ED26025FE42B50040419D /* Date */ = {
			isa = PBXGroup;
			children = (
				D98ED26125FE42B50040419D /* FavoritesModel.xcdatamodeld */,
				D98ED26325FE42B50040419D /* Content */,
				D98ED26D25FE42B50040419D /* Sections.json */,
				D98ED26E25FE42B50040419D /* SubSections.json */,
			);
			path = Date;
			sourceTree = "<group>";
		};
		D98ED26325FE42B50040419D /* Content */ = {
			isa = PBXGroup;
			children = (
				D98ED26425FE42B50040419D /* 6.json */,
				D98ED26525FE42B50040419D /* 7.json */,
				D98ED26625FE42B50040419D /* 0.json */,
				D98ED26725FE42B50040419D /* 1.json */,
				D98ED26825FE42B50040419D /* 2.json */,
				D98ED26925FE42B50040419D /* 3.json */,
				D98ED26A25FE42B50040419D /* 8.json */,
				D98ED26B25FE42B50040419D /* 4.json */,
				D98ED26C25FE42B50040419D /* 5.json */,
			);
			path = Content;
			sourceTree = "<group>";
		};
		D98ED26F25FE42B50040419D /* Views */ = {
			isa = PBXGroup;
			children = (
				D98ED27025FE42B50040419D /* SettingsView.swift */,
				D98ED27125FE42B50040419D /* FavoriteView.swift */,
				D98ED27225FE42B50040419D /* AzkarContentView.swift */,
				D98ED27325FE42B50040419D /* AzkarSubSectionsView.swift */,
				D98ED27425FE42B50040419D /* DefaultView.swift */,
				D98ED27525FE42B50040419D /* AzkarSectionView.swift */,
			);
			path = Views;
			sourceTree = "<group>";
		};
/* End PBXGroup section */

/* Begin PBXNativeTarget section */
		D98ED21925FE42390040419D /* AzkarWatch */ = {
			isa = PBXNativeTarget;
			buildConfigurationList = D98ED24525FE42420040419D /* Build configuration list for PBXNativeTarget "AzkarWatch" */;
			buildPhases = (
				D98ED21825FE42390040419D /* Resources */,
				D98ED24425FE42420040419D /* Embed Watch Content */,
			);
			buildRules = (
			);
			dependencies = (
				D98ED22125FE42390040419D /* PBXTargetDependency */,
			);
			name = AzkarWatch;
			productName = AzkarWatch;
			productReference = D98ED21A25FE42390040419D /* Azkar.app */;
			productType = "com.apple.product-type.application.watchapp2-container";
		};
		D98ED21D25FE42390040419D /* AzkarWatch WatchKit App */ = {
			isa = PBXNativeTarget;
			buildConfigurationList = D98ED24125FE42420040419D /* Build configuration list for PBXNativeTarget "AzkarWatch WatchKit App" */;
			buildPhases = (
				D98ED21C25FE42390040419D /* Resources */,
				D98ED24025FE42420040419D /* Embed App Extensions */,
			);
			buildRules = (
			);
			dependencies = (
				D98ED22D25FE423E0040419D /* PBXTargetDependency */,
			);
			name = "AzkarWatch WatchKit App";
			productName = "AzkarWatch WatchKit App";
			productReference = D98ED21E25FE42390040419D /* AzkarWatch WatchKit App.app */;
			productType = "com.apple.product-type.application.watchapp2";
		};
		D98ED22925FE423E0040419D /* AzkarWatch WatchKit Extension */ = {
			isa = PBXNativeTarget;
			buildConfigurationList = D98ED23D25FE42420040419D /* Build configuration list for PBXNativeTarget "AzkarWatch WatchKit Extension" */;
			buildPhases = (
				D98ED22625FE423E0040419D /* Sources */,
				D98ED22725FE423E0040419D /* Frameworks */,
				D98ED22825FE423E0040419D /* Resources */,
			);
			buildRules = (
			);
			dependencies = (
			);
			name = "AzkarWatch WatchKit Extension";
			productName = "AzkarWatch WatchKit Extension";
			productReference = D98ED22A25FE423E0040419D /* AzkarWatch WatchKit Extension.appex */;
			productType = "com.apple.product-type.watchkit2-extension";
		};
/* End PBXNativeTarget section */

/* Begin PBXProject section */
		D98ED21425FE42390040419D /* Project object */ = {
			isa = PBXProject;
			attributes = {
				LastSwiftUpdateCheck = 1240;
				LastUpgradeCheck = 1240;
				TargetAttributes = {
					D98ED21925FE42390040419D = {
						CreatedOnToolsVersion = 12.4;
					};
					D98ED21D25FE42390040419D = {
						CreatedOnToolsVersion = 12.4;
					};
					D98ED22925FE423E0040419D = {
						CreatedOnToolsVersion = 12.4;
					};
				};
			};
			buildConfigurationList = D98ED21725FE42390040419D /* Build configuration list for PBXProject "AzkarWatch" */;
			compatibilityVersion = "Xcode 9.3";
			developmentRegion = en;
			hasScannedForEncodings = 0;
			knownRegions = (
				en,
				Base,
			);
			mainGroup = D98ED21325FE42390040419D;
			productRefGroup = D98ED21B25FE42390040419D /* Products */;
			projectDirPath = "";
			projectRoot = "";
			targets = (
				D98ED21925FE42390040419D /* AzkarWatch */,
				D98ED21D25FE42390040419D /* AzkarWatch WatchKit App */,
				D98ED22925FE423E0040419D /* AzkarWatch WatchKit Extension */,
			);
		};
/* End PBXProject section */

/* Begin PBXResourcesBuildPhase section */
		D98ED21825FE42390040419D /* Resources */ = {
			isa = PBXResourcesBuildPhase;
			buildActionMask = 2147483647;
			files = (
			);
			runOnlyForDeploymentPostprocessing = 0;
		};
		D98ED21C25FE42390040419D /* Resources */ = {
			isa = PBXResourcesBuildPhase;
			buildActionMask = 2147483647;
			files = (
				D98ED22425FE423E0040419D /* Assets.xcassets in Resources */,
			);
			runOnlyForDeploymentPostprocessing = 0;
		};
		D98ED22825FE423E0040419D /* Resources */ = {
			isa = PBXResourcesBuildPhase;
			buildActionMask = 2147483647;
			files = (
				D98ED28D25FE42B50040419D /* 5.json in Resources */,
				D98ED28C25FE42B50040419D /* 4.json in Resources */,
				D98ED28725FE42B50040419D /* 0.json in Resources */,
				D98ED28A25FE42B50040419D /* 3.json in Resources */,
				D98ED28F25FE42B50040419D /* SubSections.json in Resources */,
				D98ED28825FE42B50040419D /* 1.json in Resources */,
				D98ED28525FE42B50040419D /* 6.json in Resources */,
				D98ED28625FE42B50040419D /* 7.json in Resources */,
				D98ED28925FE42B50040419D /* 2.json in Resources */,
				D98ED23925FE42420040419D /* Preview Assets.xcassets in Resources */,
				D98ED28E25FE42B50040419D /* Sections.json in Resources */,
				D98ED23625FE42420040419D /* Assets.xcassets in Resources */,
				D98ED28B25FE42B50040419D /* 8.json in Resources */,
			);
			runOnlyForDeploymentPostprocessing = 0;
		};
/* End PBXResourcesBuildPhase section */

/* Begin PBXSourcesBuildPhase section */
		D98ED22625FE423E0040419D /* Sources */ = {
			isa = PBXSourcesBuildPhase;
			buildActionMask = 2147483647;
			files = (
				D98ED29225FE42B50040419D /* AzkarContentView.swift in Sources */,
				D98ED27C25FE42B50040419D /* PersistenceController.swift in Sources */,
				D98ED27725FE42B50040419D /* BackButton.swift in Sources */,
				D98ED29025FE42B50040419D /* SettingsView.swift in Sources */,
				D98ED23225FE423E0040419D /* AzkarWatchApp.swift in Sources */,
				D98ED28125FE42B50040419D /* SubSection.swift in Sources */,
				D98ED28425FE42B50040419D /* FavoritesModel.xcdatamodeld in Sources */,
				D98ED29425FE42B50040419D /* DefaultView.swift in Sources */,
				D98ED28325FE42B50040419D /* Color.swift in Sources */,
				D98ED23425FE423E0040419D /* ComplicationController.swift in Sources */,
				D98ED29525FE42B50040419D /* AzkarSectionView.swift in Sources */,
				D98ED27E25FE42B50040419D /* Zikr.swift in Sources */,
				D98ED28025FE42B50040419D /* Section.swift in Sources */,
				D98ED27B25FE42B50040419D /* Store.swift in Sources */,
				D98ED27825FE42B50040419D /* FavoritesStore.swift in Sources */,
				D98ED28225FE42B50040419D /* Int.swift in Sources */,
				D98ED27A25FE42B50040419D /* Loader.swift in Sources */,
				D98ED29125FE42B50040419D /* FavoriteView.swift in Sources */,
				D98ED27625FE42B50040419D /* NavigationHeader.swift in Sources */,
				D98ED29325FE42B50040419D /* AzkarSubSectionsView.swift in Sources */,
			);
			runOnlyForDeploymentPostprocessing = 0;
		};
/* End PBXSourcesBuildPhase section */

/* Begin PBXTargetDependency section */
		D98ED22125FE42390040419D /* PBXTargetDependency */ = {
			isa = PBXTargetDependency;
			target = D98ED21D25FE42390040419D /* AzkarWatch WatchKit App */;
			targetProxy = D98ED22025FE42390040419D /* PBXContainerItemProxy */;
		};
		D98ED22D25FE423E0040419D /* PBXTargetDependency */ = {
			isa = PBXTargetDependency;
			target = D98ED22925FE423E0040419D /* AzkarWatch WatchKit Extension */;
			targetProxy = D98ED22C25FE423E0040419D /* PBXContainerItemProxy */;
		};
/* End PBXTargetDependency section */

/* Begin XCBuildConfiguration section */
		D98ED23B25FE42420040419D /* Debug */ = {
			isa = XCBuildConfiguration;
			buildSettings = {
				ALWAYS_SEARCH_USER_PATHS = NO;
				CLANG_ANALYZER_NONNULL = YES;
				CLANG_ANALYZER_NUMBER_OBJECT_CONVERSION = YES_AGGRESSIVE;
				CLANG_CXX_LANGUAGE_STANDARD = "gnu++14";
				CLANG_CXX_LIBRARY = "libc++";
				CLANG_ENABLE_MODULES = YES;
				CLANG_ENABLE_OBJC_ARC = YES;
				CLANG_ENABLE_OBJC_WEAK = YES;
				CLANG_WARN_BLOCK_CAPTURE_AUTORELEASING = YES;
				CLANG_WARN_BOOL_CONVERSION = YES;
				CLANG_WARN_COMMA = YES;
				CLANG_WARN_CONSTANT_CONVERSION = YES;
				CLANG_WARN_DEPRECATED_OBJC_IMPLEMENTATIONS = YES;
				CLANG_WARN_DIRECT_OBJC_ISA_USAGE = YES_ERROR;
				CLANG_WARN_DOCUMENTATION_COMMENTS = YES;
				CLANG_WARN_EMPTY_BODY = YES;
				CLANG_WARN_ENUM_CONVERSION = YES;
				CLANG_WARN_INFINITE_RECURSION = YES;
				CLANG_WARN_INT_CONVERSION = YES;
				CLANG_WARN_NON_LITERAL_NULL_CONVERSION = YES;
				CLANG_WARN_OBJC_IMPLICIT_RETAIN_SELF = YES;
				CLANG_WARN_OBJC_LITERAL_CONVERSION = YES;
				CLANG_WARN_OBJC_ROOT_CLASS = YES_ERROR;
				CLANG_WARN_QUOTED_INCLUDE_IN_FRAMEWORK_HEADER = YES;
				CLANG_WARN_RANGE_LOOP_ANALYSIS = YES;
				CLANG_WARN_STRICT_PROTOTYPES = YES;
				CLANG_WARN_SUSPICIOUS_MOVE = YES;
				CLANG_WARN_UNGUARDED_AVAILABILITY = YES_AGGRESSIVE;
				CLANG_WARN_UNREACHABLE_CODE = YES;
				CLANG_WARN__DUPLICATE_METHOD_MATCH = YES;
				COPY_PHASE_STRIP = NO;
				DEBUG_INFORMATION_FORMAT = dwarf;
				ENABLE_STRICT_OBJC_MSGSEND = YES;
				ENABLE_TESTABILITY = YES;
				GCC_C_LANGUAGE_STANDARD = gnu11;
				GCC_DYNAMIC_NO_PIC = NO;
				GCC_NO_COMMON_BLOCKS = YES;
				GCC_OPTIMIZATION_LEVEL = 0;
				GCC_PREPROCESSOR_DEFINITIONS = (
					"DEBUG=1",
					"$(inherited)",
				);
				GCC_WARN_64_TO_32_BIT_CONVERSION = YES;
				GCC_WARN_ABOUT_RETURN_TYPE = YES_ERROR;
				GCC_WARN_UNDECLARED_SELECTOR = YES;
				GCC_WARN_UNINITIALIZED_AUTOS = YES_AGGRESSIVE;
				GCC_WARN_UNUSED_FUNCTION = YES;
				GCC_WARN_UNUSED_VARIABLE = YES;
				MTL_ENABLE_DEBUG_INFO = INCLUDE_SOURCE;
				MTL_FAST_MATH = YES;
				ONLY_ACTIVE_ARCH = YES;
				SDKROOT = iphoneos;
				SWIFT_ACTIVE_COMPILATION_CONDITIONS = DEBUG;
				SWIFT_OPTIMIZATION_LEVEL = "-Onone";
			};
			name = Debug;
		};
		D98ED23C25FE42420040419D /* Release */ = {
			isa = XCBuildConfiguration;
			buildSettings = {
				ALWAYS_SEARCH_USER_PATHS = NO;
				CLANG_ANALYZER_NONNULL = YES;
				CLANG_ANALYZER_NUMBER_OBJECT_CONVERSION = YES_AGGRESSIVE;
				CLANG_CXX_LANGUAGE_STANDARD = "gnu++14";
				CLANG_CXX_LIBRARY = "libc++";
				CLANG_ENABLE_MODULES = YES;
				CLANG_ENABLE_OBJC_ARC = YES;
				CLANG_ENABLE_OBJC_WEAK = YES;
				CLANG_WARN_BLOCK_CAPTURE_AUTORELEASING = YES;
				CLANG_WARN_BOOL_CONVERSION = YES;
				CLANG_WARN_COMMA = YES;
				CLANG_WARN_CONSTANT_CONVERSION = YES;
				CLANG_WARN_DEPRECATED_OBJC_IMPLEMENTATIONS = YES;
				CLANG_WARN_DIRECT_OBJC_ISA_USAGE = YES_ERROR;
				CLANG_WARN_DOCUMENTATION_COMMENTS = YES;
				CLANG_WARN_EMPTY_BODY = YES;
				CLANG_WARN_ENUM_CONVERSION = YES;
				CLANG_WARN_INFINITE_RECURSION = YES;
				CLANG_WARN_INT_CONVERSION = YES;
				CLANG_WARN_NON_LITERAL_NULL_CONVERSION = YES;
				CLANG_WARN_OBJC_IMPLICIT_RETAIN_SELF = YES;
				CLANG_WARN_OBJC_LITERAL_CONVERSION = YES;
				CLANG_WARN_OBJC_ROOT_CLASS = YES_ERROR;
				CLANG_WARN_QUOTED_INCLUDE_IN_FRAMEWORK_HEADER = YES;
				CLANG_WARN_RANGE_LOOP_ANALYSIS = YES;
				CLANG_WARN_STRICT_PROTOTYPES = YES;
				CLANG_WARN_SUSPICIOUS_MOVE = YES;
				CLANG_WARN_UNGUARDED_AVAILABILITY = YES_AGGRESSIVE;
				CLANG_WARN_UNREACHABLE_CODE = YES;
				CLANG_WARN__DUPLICATE_METHOD_MATCH = YES;
				COPY_PHASE_STRIP = NO;
				DEBUG_INFORMATION_FORMAT = "dwarf-with-dsym";
				ENABLE_NS_ASSERTIONS = NO;
				ENABLE_STRICT_OBJC_MSGSEND = YES;
				GCC_C_LANGUAGE_STANDARD = gnu11;
				GCC_NO_COMMON_BLOCKS = YES;
				GCC_WARN_64_TO_32_BIT_CONVERSION = YES;
				GCC_WARN_ABOUT_RETURN_TYPE = YES_ERROR;
				GCC_WARN_UNDECLARED_SELECTOR = YES;
				GCC_WARN_UNINITIALIZED_AUTOS = YES_AGGRESSIVE;
				GCC_WARN_UNUSED_FUNCTION = YES;
				GCC_WARN_UNUSED_VARIABLE = YES;
				MTL_ENABLE_DEBUG_INFO = NO;
				MTL_FAST_MATH = YES;
				SDKROOT = iphoneos;
				SWIFT_COMPILATION_MODE = wholemodule;
				SWIFT_OPTIMIZATION_LEVEL = "-O";
				VALIDATE_PRODUCT = YES;
			};
			name = Release;
		};
		D98ED23E25FE42420040419D /* Debug */ = {
			isa = XCBuildConfiguration;
			buildSettings = {
				ASSETCATALOG_COMPILER_COMPLICATION_NAME = Complication;
				CODE_SIGN_STYLE = Automatic;
				DEVELOPMENT_ASSET_PATHS = "\"AzkarWatch WatchKit Extension/Preview Content\"";
				DEVELOPMENT_TEAM = 57CN6FH4FY;
				ENABLE_PREVIEWS = YES;
				INFOPLIST_FILE = "AzkarWatch WatchKit Extension/Info.plist";
				LD_RUNPATH_SEARCH_PATHS = (
					"$(inherited)",
					"@executable_path/Frameworks",
					"@executable_path/../../Frameworks",
				);
				PRODUCT_BUNDLE_IDENTIFIER = com.shemy.AzkarWatch.watchkitapp.watchkitextension;
				PRODUCT_NAME = "${TARGET_NAME}";
				SDKROOT = watchos;
				SKIP_INSTALL = YES;
				SWIFT_VERSION = 5.0;
				TARGETED_DEVICE_FAMILY = 4;
				WATCHOS_DEPLOYMENT_TARGET = 7.2;
			};
			name = Debug;
		};
		D98ED23F25FE42420040419D /* Release */ = {
			isa = XCBuildConfiguration;
			buildSettings = {
				ASSETCATALOG_COMPILER_COMPLICATION_NAME = Complication;
				CODE_SIGN_STYLE = Automatic;
				DEVELOPMENT_ASSET_PATHS = "\"AzkarWatch WatchKit Extension/Preview Content\"";
				DEVELOPMENT_TEAM = 57CN6FH4FY;
				ENABLE_PREVIEWS = YES;
				INFOPLIST_FILE = "AzkarWatch WatchKit Extension/Info.plist";
				LD_RUNPATH_SEARCH_PATHS = (
					"$(inherited)",
					"@executable_path/Frameworks",
					"@executable_path/../../Frameworks",
				);
				PRODUCT_BUNDLE_IDENTIFIER = com.shemy.AzkarWatch.watchkitapp.watchkitextension;
				PRODUCT_NAME = "${TARGET_NAME}";
				SDKROOT = watchos;
				SKIP_INSTALL = YES;
				SWIFT_VERSION = 5.0;
				TARGETED_DEVICE_FAMILY = 4;
				WATCHOS_DEPLOYMENT_TARGET = 7.2;
			};
			name = Release;
		};
		D98ED24225FE42420040419D /* Debug */ = {
			isa = XCBuildConfiguration;
			buildSettings = {
				ALWAYS_EMBED_SWIFT_STANDARD_LIBRARIES = YES;
				ASSETCATALOG_COMPILER_APPICON_NAME = AppIcon;
				ASSETCATALOG_COMPILER_GLOBAL_ACCENT_COLOR_NAME = AccentColor;
				CODE_SIGN_STYLE = Automatic;
				DEVELOPMENT_TEAM = 57CN6FH4FY;
				IBSC_MODULE = AzkarWatch_WatchKit_Extension;
				INFOPLIST_FILE = "AzkarWatch WatchKit App/Info.plist";
				PRODUCT_BUNDLE_IDENTIFIER = com.shemy.AzkarWatch.watchkitapp;
				PRODUCT_NAME = "$(TARGET_NAME)";
				SDKROOT = watchos;
				SKIP_INSTALL = YES;
				SWIFT_VERSION = 5.0;
				TARGETED_DEVICE_FAMILY = 4;
				WATCHOS_DEPLOYMENT_TARGET = 7.2;
			};
			name = Debug;
		};
		D98ED24325FE42420040419D /* Release */ = {
			isa = XCBuildConfiguration;
			buildSettings = {
				ALWAYS_EMBED_SWIFT_STANDARD_LIBRARIES = YES;
				ASSETCATALOG_COMPILER_APPICON_NAME = AppIcon;
				ASSETCATALOG_COMPILER_GLOBAL_ACCENT_COLOR_NAME = AccentColor;
				CODE_SIGN_STYLE = Automatic;
				DEVELOPMENT_TEAM = 57CN6FH4FY;
				IBSC_MODULE = AzkarWatch_WatchKit_Extension;
				INFOPLIST_FILE = "AzkarWatch WatchKit App/Info.plist";
				PRODUCT_BUNDLE_IDENTIFIER = com.shemy.AzkarWatch.watchkitapp;
				PRODUCT_NAME = "$(TARGET_NAME)";
				SDKROOT = watchos;
				SKIP_INSTALL = YES;
				SWIFT_VERSION = 5.0;
				TARGETED_DEVICE_FAMILY = 4;
				WATCHOS_DEPLOYMENT_TARGET = 7.2;
			};
			name = Release;
		};
		D98ED24625FE42420040419D /* Debug */ = {
			isa = XCBuildConfiguration;
			buildSettings = {
				CODE_SIGN_STYLE = Automatic;
				CURRENT_PROJECT_VERSION = 1;
				DEVELOPMENT_TEAM = 57CN6FH4FY;
				MARKETING_VERSION = 1.0;
				PRODUCT_BUNDLE_IDENTIFIER = com.shemy.Azkar;
				PRODUCT_NAME = Azkar;
				SWIFT_VERSION = 5.0;
			};
			name = Debug;
		};
		D98ED24725FE42420040419D /* Release */ = {
			isa = XCBuildConfiguration;
			buildSettings = {
				CODE_SIGN_STYLE = Automatic;
				CURRENT_PROJECT_VERSION = 1;
				DEVELOPMENT_TEAM = 57CN6FH4FY;
				MARKETING_VERSION = 1.0;
				PRODUCT_BUNDLE_IDENTIFIER = com.shemy.Azkar;
				PRODUCT_NAME = Azkar;
				SWIFT_VERSION = 5.0;
			};
			name = Release;
		};
/* End XCBuildConfiguration section */

/* Begin XCConfigurationList section */
		D98ED21725FE42390040419D /* Build configuration list for PBXProject "AzkarWatch" */ = {
			isa = XCConfigurationList;
			buildConfigurations = (
				D98ED23B25FE42420040419D /* Debug */,
				D98ED23C25FE42420040419D /* Release */,
			);
			defaultConfigurationIsVisible = 0;
			defaultConfigurationName = Release;
		};
		D98ED23D25FE42420040419D /* Build configuration list for PBXNativeTarget "AzkarWatch WatchKit Extension" */ = {
			isa = XCConfigurationList;
			buildConfigurations = (
				D98ED23E25FE42420040419D /* Debug */,
				D98ED23F25FE42420040419D /* Release */,
			);
			defaultConfigurationIsVisible = 0;
			defaultConfigurationName = Release;
		};
		D98ED24125FE42420040419D /* Build configuration list for PBXNativeTarget "AzkarWatch WatchKit App" */ = {
			isa = XCConfigurationList;
			buildConfigurations = (
				D98ED24225FE42420040419D /* Debug */,
				D98ED24325FE42420040419D /* Release */,
			);
			defaultConfigurationIsVisible = 0;
			defaultConfigurationName = Release;
		};
		D98ED24525FE42420040419D /* Build configuration list for PBXNativeTarget "AzkarWatch" */ = {
			isa = XCConfigurationList;
			buildConfigurations = (
				D98ED24625FE42420040419D /* Debug */,
				D98ED24725FE42420040419D /* Release */,
			);
			defaultConfigurationIsVisible = 0;
			defaultConfigurationName = Release;
		};
/* End XCConfigurationList section */

/* Begin XCVersionGroup section */
		D98ED26125FE42B50040419D /* FavoritesModel.xcdatamodeld */ = {
			isa = XCVersionGroup;
			children = (
				D98ED26225FE42B50040419D /* FavoritesModel.xcdatamodel */,
			);
			currentVersion = D98ED26225FE42B50040419D /* FavoritesModel.xcdatamodel */;
			path = FavoritesModel.xcdatamodeld;
			sourceTree = "<group>";
			versionGroupType = wrapper.xcdatamodel;
		};
/* End XCVersionGroup section */
	};
	rootObject = D98ED21425FE42390040419D /* Project object */;
}
